
Microsoft Visual Studio Solution File, Format Version 12.00
# Visual Studio Version 17
VisualStudioVersion = 17.0.31903.59
MinimumVisualStudioVersion = 10.0.40219.1
Project("{FAE04EC0-301F-11D3-BF4B-00C04F79EFBC}") = "Backed.API", "Backed.API\Backed.API.csproj", "{5915D1B0-1A4B-4429-B439-19E1AE5A7A22}"
EndProject
Project("{FAE04EC0-301F-11D3-BF4B-00C04F79EFBC}") = "Backed.API.DataAcces", "Backed.API.DataAcces\Backed.API.DataAcces.csproj", "{7A78A1D9-5DCF-4E4D-9913-AC79087BE3F8}"
EndProject
Project("{FAE04EC0-301F-11D3-BF4B-00C04F79EFBC}") = "Backed.API.Models", "Backed.API.Models\Backed.API.Models.csproj", "{1F53186E-3CEF-4646-9970-6D7AF64D2F8D}"
EndProject
Project("{FAE04EC0-301F-11D3-BF4B-00C04F79EFBC}") = "Backed.API.Utilities", "Backed.API.Utilities\Backed.API.Utilities.csproj", "{ED0E6CA0-6B5B-4E7E-B0F7-FEB0E081BF07}"
EndProject
Global
	GlobalSection(SolutionConfigurationPlatforms) = preSolution
		Debug|Any CPU = Debug|Any CPU
		Release|Any CPU = Release|Any CPU
	EndGlobalSection
	GlobalSection(SolutionProperties) = preSolution
		HideSolutionNode = FALSE
	EndGlobalSection
	GlobalSection(ProjectConfigurationPlatforms) = postSolution
		{5915D1B0-1A4B-4429-B439-19E1AE5A7A22}.Debug|Any CPU.ActiveCfg = Debug|Any CPU
		{5915D1B0-1A4B-4429-B439-19E1AE5A7A22}.Debug|Any CPU.Build.0 = Debug|Any CPU
		{5915D1B0-1A4B-4429-B439-19E1AE5A7A22}.Release|Any CPU.ActiveCfg = Release|Any CPU
		{5915D1B0-1A4B-4429-B439-19E1AE5A7A22}.Release|Any CPU.Build.0 = Release|Any CPU
		{7A78A1D9-5DCF-4E4D-9913-AC79087BE3F8}.Debug|Any CPU.ActiveCfg = Debug|Any CPU
		{7A78A1D9-5DCF-4E4D-9913-AC79087BE3F8}.Debug|Any CPU.Build.0 = Debug|Any CPU
		{7A78A1D9-5DCF-4E4D-9913-AC79087BE3F8}.Release|Any CPU.ActiveCfg = Release|Any CPU
		{7A78A1D9-5DCF-4E4D-9913-AC79087BE3F8}.Release|Any CPU.Build.0 = Release|Any CPU
		{1F53186E-3CEF-4646-9970-6D7AF64D2F8D}.Debug|Any CPU.ActiveCfg = Debug|Any CPU
		{1F53186E-3CEF-4646-9970-6D7AF64D2F8D}.Debug|Any CPU.Build.0 = Debug|Any CPU
		{1F53186E-3CEF-4646-9970-6D7AF64D2F8D}.Release|Any CPU.ActiveCfg = Release|Any CPU
		{1F53186E-3CEF-4646-9970-6D7AF64D2F8D}.Release|Any CPU.Build.0 = Release|Any CPU
		{ED0E6CA0-6B5B-4E7E-B0F7-FEB0E081BF07}.Debug|Any CPU.ActiveCfg = Debug|Any CPU
		{ED0E6CA0-6B5B-4E7E-B0F7-FEB0E081BF07}.Debug|Any CPU.Build.0 = Debug|Any CPU
		{ED0E6CA0-6B5B-4E7E-B0F7-FEB0E081BF07}.Release|Any CPU.ActiveCfg = Release|Any CPU
		{ED0E6CA0-6B5B-4E7E-B0F7-FEB0E081BF07}.Release|Any CPU.Build.0 = Release|Any CPU
	EndGlobalSection
EndGlobal
